%{"earmark": {:hex, :earmark, "0.1.17", "a2269e72ff85501bdb58c2de9edc0a9a17a4be2757883eed1f601b30494ed2bf", [:mix], []},
  "ex_doc": {:hex, :ex_doc, "0.9.0", "e59f4550dc78a07b1d3d81b8728fda772cfb0d54bccf1d7e6bcaab32c01c1f3a", [:mix], [{:earmark, "~> 0.1.17 or ~> 0.2", [hex: :earmark, optional: true]}]},
  "recon": {:hex, :recon, "2.3.1", "281f2cbb439fe3c043773ee6c83172abd80326dcc6153f6430e4d4e6b14d7e9d", [:rebar3], []}}
